
Microsoft Visual Studio Solution File, Format Version 12.00
# Visual Studio Version 17
VisualStudioVersion = 17.13.35806.99 d17.13
MinimumVisualStudioVersion = 10.0.40219.1
Project("{FAE04EC0-301F-11D3-BF4B-00C04F79EFBC}") = "PoputkeeLite", "PoputkeeLite.csproj", "{85F617EE-3D96-4BDD-8DC3-E34AF28E624D}"
EndProject
Global
	GlobalSection(SolutionConfigurationPlatforms) = preSolution
		Debug|Any CPU = Debug|Any CPU
		Release|Any CPU = Release|Any CPU
	EndGlobalSection
	GlobalSection(ProjectConfigurationPlatforms) = postSolution
		{85F617EE-3D96-4BDD-8DC3-E34AF28E624D}.Debug|Any CPU.ActiveCfg = Debug|Any CPU
		{85F617EE-3D96-4BDD-8DC3-E34AF28E624D}.Debug|Any CPU.Build.0 = Debug|Any CPU
		{85F617EE-3D96-4BDD-8DC3-E34AF28E624D}.Release|Any CPU.ActiveCfg = Release|Any CPU
		{85F617EE-3D96-4BDD-8DC3-E34AF28E624D}.Release|Any CPU.Build.0 = Release|Any CPU
	EndGlobalSection
	GlobalSection(SolutionProperties) = preSolution
		HideSolutionNode = FALSE
	EndGlobalSection
	GlobalSection(ExtensibilityGlobals) = postSolution
		SolutionGuid = {47AFCC03-16B5-4A26-9638-0F56FA020862}
	EndGlobalSection
EndGlobal
